{
  "name": "rename-cli",
  "version": "1.0.0",
  "lockfileVersion": 2,
  "requires": true,
  "packages": {
    "": {
      "name": "rename-cli",
      "version": "1.0.0",
      "license": "ISC",
      "dependencies": {
        "camelcase": "^5.0.0",
        "chalk": "^4.1.1",
        "commander": "^9.4.1",
        "inquirer": "v5.0.0"
      },
      "bin": {
        "rename-cli": "bin/index.js"
      }
    },
    "node_modules/ansi-escapes": {
      "version": "3.2.0",
      "resolved": "http://nexus.xiqu.servicetest.lenovo/repository/npm-group/ansi-escapes/-/ansi-escapes-3.2.0.tgz",
      "integrity": "sha512-cBhpre4ma+U0T1oM5fXg7Dy1Jw7zzwv7lt/GoCpr+hDQJoYnKVPLL4dCvSEFMmQurOQvSrwT7SL/DAlhBI97RQ==",
      "license": "MIT",
      "engines": {
        "node": ">=4"
      }
    },
    "node_modules/ansi-regex": {
      "version": "3.0.1",
      "resolved": "http://nexus.xiqu.servicetest.lenovo/repository/npm-group/ansi-regex/-/ansi-regex-3.0.1.tgz",
      "integrity": "sha512-+O9Jct8wf++lXxxFc4hc8LsjaSq0HFzzL7cVsw8pRDIPdjKD2mT4ytDZlLuSBZ4cLKZFXIrMGO7DbQCtMJJMKw==",
      "license": "MIT",
      "engines": {
        "node": ">=4"
      }
    },
    "node_modules/ansi-styles": {
      "version": "4.3.0",
      "resolved": "http://nexus.xiqu.servicetest.lenovo/repository/npm-group/ansi-styles/-/ansi-styles-4.3.0.tgz",
      "integrity": "sha512-zbB9rCJAT1rbjiVDb2hqKFHNYLxgtk8NURxZ3IZwD3F6NtxbXZQCnnSi1Lkx+IDohdPlFp222wVALIheZJQSEg==",
      "license": "MIT",
      "dependencies": {
        "color-convert": "^2.0.1"
      },
      "engines": {
        "node": ">=8"
      },
      "funding": {
        "url": "https://github.com/chalk/ansi-styles?sponsor=1"
      }
    },
    "node_modules/camelcase": {
      "version": "5.3.1",
      "resolved": "http://nexus.xiqu.servicetest.lenovo/repository/npm-group/camelcase/-/camelcase-5.3.1.tgz",
      "integrity": "sha512-L28STB170nwWS63UjtlEOE3dldQApaJXZkOI1uMFfzf3rRuPegHaHesyee+YxQ+W6SvRDQV6UrdOdRiR153wJg==",
      "license": "MIT",
      "engines": {
        "node": ">=6"
      }
    },
    "node_modules/chalk": {
      "version": "4.1.2",
      "resolved": "http://nexus.xiqu.servicetest.lenovo/repository/npm-group/chalk/-/chalk-4.1.2.tgz",
      "integrity": "sha512-oKnbhFyRIXpUuez8iBMmyEa4nbj4IOQyuhc/wy9kY7/WVPcwIO9VA668Pu8RkO7+0G76SLROeyw9CpQ061i4mA==",
      "license": "MIT",
      "dependencies": {
        "ansi-styles": "^4.1.0",
        "supports-color": "^7.1.0"
      },
      "engines": {
        "node": ">=10"
      },
      "funding": {
        "url": "https://github.com/chalk/chalk?sponsor=1"
      }
    },
    "node_modules/chardet": {
      "version": "0.4.2",
      "resolved": "http://nexus.xiqu.servicetest.lenovo/repository/npm-group/chardet/-/chardet-0.4.2.tgz",
      "integrity": "sha512-j/Toj7f1z98Hh2cYo2BVr85EpIRWqUi7rtRSGxh/cqUjqrnJe9l9UE7IUGd2vQ2p+kSHLkSzObQPZPLUC6TQwg==",
      "license": "MIT"
    },
    "node_modules/cli-cursor": {
      "version": "2.1.0",
      "resolved": "http://nexus.xiqu.servicetest.lenovo/repository/npm-group/cli-cursor/-/cli-cursor-2.1.0.tgz",
      "integrity": "sha512-8lgKz8LmCRYZZQDpRyT2m5rKJ08TnU4tR9FFFW2rxpxR1FzWi4PQ/NfyODchAatHaUgnSPVcx/R5w6NuTBzFiw==",
      "license": "MIT",
      "dependencies": {
        "restore-cursor": "^2.0.0"
      },
      "engines": {
        "node": ">=4"
      }
    },
    "node_modules/cli-width": {
      "version": "2.2.1",
      "resolved": "http://nexus.xiqu.servicetest.lenovo/repository/npm-group/cli-width/-/cli-width-2.2.1.tgz",
      "integrity": "sha512-GRMWDxpOB6Dgk2E5Uo+3eEBvtOOlimMmpbFiKuLFnQzYDavtLFY3K5ona41jgN/WdRZtG7utuVSVTL4HbZHGkw==",
      "license": "ISC"
    },
    "node_modules/color-convert": {
      "version": "2.0.1",
      "resolved": "http://nexus.xiqu.servicetest.lenovo/repository/npm-group/color-convert/-/color-convert-2.0.1.tgz",
      "integrity": "sha512-RRECPsj7iu/xb5oKYcsFHSppFNnsj/52OVTRKb4zP5onXwVF3zVmmToNcOfGC+CRDpfK/U584fMg38ZHCaElKQ==",
      "license": "MIT",
      "dependencies": {
        "color-name": "~1.1.4"
      },
      "engines": {
        "node": ">=7.0.0"
      }
    },
    "node_modules/color-name": {
      "version": "1.1.4",
      "resolved": "http://nexus.xiqu.servicetest.lenovo/repository/npm-group/color-name/-/color-name-1.1.4.tgz",
      "integrity": "sha512-dOy+3AuW3a2wNbZHIuMZpTcgjGuLU/uBL/ubcZF9OXbDo8ff4O8yVp5Bf0efS8uEoYo5q4Fx7dY9OgQGXgAsQA==",
      "license": "MIT"
    },
    "node_modules/commander": {
      "version": "9.4.1",
      "resolved": "http://nexus.xiqu.servicetest.lenovo/repository/npm-group/commander/-/commander-9.4.1.tgz",
      "integrity": "sha512-5EEkTNyHNGFPD2H+c/dXXfQZYa/scCKasxWcXJaWnNJ99pnQN9Vnmqow+p+PlFPE63Q6mThaZws1T+HxfpgtPw==",
      "license": "MIT",
      "engines": {
        "node": "^12.20.0 || >=14"
      }
    },
    "node_modules/escape-string-regexp": {
      "version": "1.0.5",
      "resolved": "http://nexus.xiqu.servicetest.lenovo/repository/npm-group/escape-string-regexp/-/escape-string-regexp-1.0.5.tgz",
      "integrity": "sha512-vbRorB5FUQWvla16U8R/qgaFIya2qGzwDrNmCZuYKrbdSUMG6I1ZCGQRefkRVhuOkIGVne7BQ35DSfo1qvJqFg==",
      "license": "MIT",
      "engines": {
        "node": ">=0.8.0"
      }
    },
    "node_modules/external-editor": {
      "version": "2.2.0",
      "resolved": "http://nexus.xiqu.servicetest.lenovo/repository/npm-group/external-editor/-/external-editor-2.2.0.tgz",
      "integrity": "sha512-bSn6gvGxKt+b7+6TKEv1ZycHleA7aHhRHyAqJyp5pbUFuYYNIzpZnQDk7AsYckyWdEnTeAnay0aCy2aV6iTk9A==",
      "license": "MIT",
      "dependencies": {
        "chardet": "^0.4.0",
        "iconv-lite": "^0.4.17",
        "tmp": "^0.0.33"
      },
      "engines": {
        "node": ">=0.12"
      }
    },
    "node_modules/figures": {
      "version": "2.0.0",
      "resolved": "http://nexus.xiqu.servicetest.lenovo/repository/npm-group/figures/-/figures-2.0.0.tgz",
      "integrity": "sha512-Oa2M9atig69ZkfwiApY8F2Yy+tzMbazyvqv21R0NsSC8floSOC09BbT1ITWAdoMGQvJ/aZnR1KMwdx9tvHnTNA==",
      "license": "MIT",
      "dependencies": {
        "escape-string-regexp": "^1.0.5"
      },
      "engines": {
        "node": ">=4"
      }
    },
    "node_modules/has-flag": {
      "version": "4.0.0",
      "resolved": "http://nexus.xiqu.servicetest.lenovo/repository/npm-group/has-flag/-/has-flag-4.0.0.tgz",
      "integrity": "sha512-EykJT/Q1KjTWctppgIAgfSO0tKVuZUjhgMr17kqTumMl6Afv3EISleU7qZUzoXDFTAHTDC4NOoG/ZxU3EvlMPQ==",
      "license": "MIT",
      "engines": {
        "node": ">=8"
      }
    },
    "node_modules/iconv-lite": {
      "version": "0.4.24",
      "resolved": "http://nexus.xiqu.servicetest.lenovo/repository/npm-group/iconv-lite/-/iconv-lite-0.4.24.tgz",
      "integrity": "sha512-v3MXnZAcvnywkTUEZomIActle7RXXeedOR31wwl7VlyoXO4Qi9arvSenNQWne1TcRwhCL1HwLI21bEqdpj8/rA==",
      "license": "MIT",
      "dependencies": {
        "safer-buffer": ">= 2.1.2 < 3"
      },
      "engines": {
        "node": ">=0.10.0"
      }
    },
    "node_modules/inquirer": {
      "version": "5.0.0",
      "resolved": "http://nexus.xiqu.servicetest.lenovo/repository/npm-group/inquirer/-/inquirer-5.0.0.tgz",
      "integrity": "sha512-p/UAvVLKRI9fLukkVeeSnP05Ilz76+7najkJptTKOMJApaqJhdwxLGlIymYvn0a1WFqrEG8MqfzKfVMvArwdIQ==",
      "license": "MIT",
      "dependencies": {
        "ansi-escapes": "^3.0.0",
        "chalk": "^2.0.0",
        "cli-cursor": "^2.1.0",
        "cli-width": "^2.0.0",
        "external-editor": "^2.1.0",
        "figures": "^2.0.0",
        "lodash": "^4.3.0",
        "mute-stream": "0.0.7",
        "run-async": "^2.2.0",
        "rxjs": "^5.5.2",
        "string-width": "^2.1.0",
        "strip-ansi": "^4.0.0",
        "through": "^2.3.6"
      },
      "engines": {
        "node": ">=6.0.0"
      }
    },
    "node_modules/inquirer/node_modules/ansi-styles": {
      "version": "3.2.1",
      "resolved": "http://nexus.xiqu.servicetest.lenovo/repository/npm-group/ansi-styles/-/ansi-styles-3.2.1.tgz",
      "integrity": "sha512-VT0ZI6kZRdTh8YyJw3SMbYm/u+NqfsAxEpWO0Pf9sq8/e94WxxOpPKx9FR1FlyCtOVDNOQ+8ntlqFxiRc+r5qA==",
      "license": "MIT",
      "dependencies": {
        "color-convert": "^1.9.0"
      },
      "engines": {
        "node": ">=4"
      }
    },
    "node_modules/inquirer/node_modules/chalk": {
      "version": "2.4.2",
      "resolved": "http://nexus.xiqu.servicetest.lenovo/repository/npm-group/chalk/-/chalk-2.4.2.tgz",
      "integrity": "sha512-Mti+f9lpJNcwF4tWV8/OrTTtF1gZi+f8FqlyAdouralcFWFQWF2+NgCHShjkCb+IFBLq9buZwE1xckQU4peSuQ==",
      "license": "MIT",
      "dependencies": {
        "ansi-styles": "^3.2.1",
        "escape-string-regexp": "^1.0.5",
        "supports-color": "^5.3.0"
      },
      "engines": {
        "node": ">=4"
      }
    },
    "node_modules/inquirer/node_modules/color-convert": {
      "version": "1.9.3",
      "resolved": "http://nexus.xiqu.servicetest.lenovo/repository/npm-group/color-convert/-/color-convert-1.9.3.tgz",
      "integrity": "sha512-QfAUtd+vFdAtFQcC8CCyYt1fYWxSqAiK2cSD6zDB8N3cpsEBAvRxp9zOGg6G/SHHJYAT88/az/IuDGALsNVbGg==",
      "license": "MIT",
      "dependencies": {
        "color-name": "1.1.3"
      }
    },
    "node_modules/inquirer/node_modules/color-name": {
      "version": "1.1.3",
      "resolved": "http://nexus.xiqu.servicetest.lenovo/repository/npm-group/color-name/-/color-name-1.1.3.tgz",
      "integrity": "sha512-72fSenhMw2HZMTVHeCA9KCmpEIbzWiQsjN+BHcBbS9vr1mtt+vJjPdksIBNUmKAW8TFUDPJK5SUU3QhE9NEXDw==",
      "license": "MIT"
    },
    "node_modules/inquirer/node_modules/has-flag": {
      "version": "3.0.0",
      "resolved": "http://nexus.xiqu.servicetest.lenovo/repository/npm-group/has-flag/-/has-flag-3.0.0.tgz",
      "integrity": "sha512-sKJf1+ceQBr4SMkvQnBDNDtf4TXpVhVGateu0t918bl30FnbE2m4vNLX+VWe/dpjlb+HugGYzW7uQXH98HPEYw==",
      "license": "MIT",
      "engines": {
        "node": ">=4"
      }
    },
    "node_modules/inquirer/node_modules/supports-color": {
      "version": "5.5.0",
      "resolved": "http://nexus.xiqu.servicetest.lenovo/repository/npm-group/supports-color/-/supports-color-5.5.0.tgz",
      "integrity": "sha512-QjVjwdXIt408MIiAqCX4oUKsgU2EqAGzs2Ppkm4aQYbjm+ZEWEcW4SfFNTr4uMNZma0ey4f5lgLrkB0aX0QMow==",
      "license": "MIT",
      "dependencies": {
        "has-flag": "^3.0.0"
      },
      "engines": {
        "node": ">=4"
      }
    },
    "node_modules/is-fullwidth-code-point": {
      "version": "2.0.0",
      "resolved": "http://nexus.xiqu.servicetest.lenovo/repository/npm-group/is-fullwidth-code-point/-/is-fullwidth-code-point-2.0.0.tgz",
      "integrity": "sha512-VHskAKYM8RfSFXwee5t5cbN5PZeq1Wrh6qd5bkyiXIf6UQcN6w/A0eXM9r6t8d+GYOh+o6ZhiEnb88LN/Y8m2w==",
      "license": "MIT",
      "engines": {
        "node": ">=4"
      }
    },
    "node_modules/lodash": {
      "version": "4.17.21",
      "resolved": "http://nexus.xiqu.servicetest.lenovo/repository/npm-group/lodash/-/lodash-4.17.21.tgz",
      "integrity": "sha512-v2kDEe57lecTulaDIuNTPy3Ry4gLGJ6Z1O3vE1krgXZNrsQ+LFTGHVxVjcXPs17LhbZVGedAJv8XZ1tvj5FvSg==",
      "license": "MIT"
    },
    "node_modules/mimic-fn": {
      "version": "1.2.0",
      "resolved": "http://nexus.xiqu.servicetest.lenovo/repository/npm-group/mimic-fn/-/mimic-fn-1.2.0.tgz",
      "integrity": "sha512-jf84uxzwiuiIVKiOLpfYk7N46TSy8ubTonmneY9vrpHNAnp0QBt2BxWV9dO3/j+BoVAb+a5G6YDPW3M5HOdMWQ==",
      "license": "MIT",
      "engines": {
        "node": ">=4"
      }
    },
    "node_modules/mute-stream": {
      "version": "0.0.7",
      "resolved": "http://nexus.xiqu.servicetest.lenovo/repository/npm-group/mute-stream/-/mute-stream-0.0.7.tgz",
      "integrity": "sha512-r65nCZhrbXXb6dXOACihYApHw2Q6pV0M3V0PSxd74N0+D8nzAdEAITq2oAjA1jVnKI+tGvEBUpqiMh0+rW6zDQ==",
      "license": "ISC"
    },
    "node_modules/onetime": {
      "version": "2.0.1",
      "resolved": "http://nexus.xiqu.servicetest.lenovo/repository/npm-group/onetime/-/onetime-2.0.1.tgz",
      "integrity": "sha512-oyyPpiMaKARvvcgip+JV+7zci5L8D1W9RZIz2l1o08AM3pfspitVWnPt3mzHcBPp12oYMTy0pqrFs/C+m3EwsQ==",
      "license": "MIT",
      "dependencies": {
        "mimic-fn": "^1.0.0"
      },
      "engines": {
        "node": ">=4"
      }
    },
    "node_modules/os-tmpdir": {
      "version": "1.0.2",
      "resolved": "http://nexus.xiqu.servicetest.lenovo/repository/npm-group/os-tmpdir/-/os-tmpdir-1.0.2.tgz",
      "integrity": "sha512-D2FR03Vir7FIu45XBY20mTb+/ZSWB00sjU9jdQXt83gDrI4Ztz5Fs7/yy74g2N5SVQY4xY1qDr4rNddwYRVX0g==",
      "license": "MIT",
      "engines": {
        "node": ">=0.10.0"
      }
    },
    "node_modules/restore-cursor": {
      "version": "2.0.0",
      "resolved": "http://nexus.xiqu.servicetest.lenovo/repository/npm-group/restore-cursor/-/restore-cursor-2.0.0.tgz",
      "integrity": "sha512-6IzJLuGi4+R14vwagDHX+JrXmPVtPpn4mffDJ1UdR7/Edm87fl6yi8mMBIVvFtJaNTUvjughmW4hwLhRG7gC1Q==",
      "license": "MIT",
      "dependencies": {
        "onetime": "^2.0.0",
        "signal-exit": "^3.0.2"
      },
      "engines": {
        "node": ">=4"
      }
    },
    "node_modules/run-async": {
      "version": "2.4.1",
      "resolved": "http://nexus.xiqu.servicetest.lenovo/repository/npm-group/run-async/-/run-async-2.4.1.tgz",
      "integrity": "sha512-tvVnVv01b8c1RrA6Ep7JkStj85Guv/YrMcwqYQnwjsAS2cTmmPGBBjAjpCW7RrSodNSoE2/qg9O4bceNvUuDgQ==",
      "license": "MIT",
      "engines": {
        "node": ">=0.12.0"
      }
    },
    "node_modules/rxjs": {
      "version": "5.5.12",
      "resolved": "http://nexus.xiqu.servicetest.lenovo/repository/npm-group/rxjs/-/rxjs-5.5.12.tgz",
      "integrity": "sha512-xx2itnL5sBbqeeiVgNPVuQQ1nC8Jp2WfNJhXWHmElW9YmrpS9UVnNzhP3EH3HFqexO5Tlp8GhYY+WEcqcVMvGw==",
      "license": "Apache-2.0",
      "dependencies": {
        "symbol-observable": "1.0.1"
      },
      "engines": {
        "npm": ">=2.0.0"
      }
    },
    "node_modules/safer-buffer": {
      "version": "2.1.2",
      "resolved": "http://nexus.xiqu.servicetest.lenovo/repository/npm-group/safer-buffer/-/safer-buffer-2.1.2.tgz",
      "integrity": "sha512-YZo3K82SD7Riyi0E1EQPojLz7kpepnSQI9IyPbHHg1XXXevb5dJI7tpyN2ADxGcQbHG7vcyRHk0cbwqcQriUtg==",
      "license": "MIT"
    },
    "node_modules/signal-exit": {
      "version": "3.0.7",
      "resolved": "http://nexus.xiqu.servicetest.lenovo/repository/npm-group/signal-exit/-/signal-exit-3.0.7.tgz",
      "integrity": "sha512-wnD2ZE+l+SPC/uoS0vXeE9L1+0wuaMqKlfz9AMUo38JsyLSBWSFcHR1Rri62LZc12vLr1gb3jl7iwQhgwpAbGQ==",
      "license": "ISC"
    },
    "node_modules/string-width": {
      "version": "2.1.1",
      "resolved": "http://nexus.xiqu.servicetest.lenovo/repository/npm-group/string-width/-/string-width-2.1.1.tgz",
      "integrity": "sha512-nOqH59deCq9SRHlxq1Aw85Jnt4w6KvLKqWVik6oA9ZklXLNIOlqg4F2yrT1MVaTjAqvVwdfeZ7w7aCvJD7ugkw==",
      "license": "MIT",
      "dependencies": {
        "is-fullwidth-code-point": "^2.0.0",
        "strip-ansi": "^4.0.0"
      },
      "engines": {
        "node": ">=4"
      }
    },
    "node_modules/strip-ansi": {
      "version": "4.0.0",
      "resolved": "http://nexus.xiqu.servicetest.lenovo/repository/npm-group/strip-ansi/-/strip-ansi-4.0.0.tgz",
      "integrity": "sha512-4XaJ2zQdCzROZDivEVIDPkcQn8LMFSa8kj8Gxb/Lnwzv9A8VctNZ+lfivC/sV3ivW8ElJTERXZoPBRrZKkNKow==",
      "license": "MIT",
      "dependencies": {
        "ansi-regex": "^3.0.0"
      },
      "engines": {
        "node": ">=4"
      }
    },
    "node_modules/supports-color": {
      "version": "7.2.0",
      "resolved": "http://nexus.xiqu.servicetest.lenovo/repository/npm-group/supports-color/-/supports-color-7.2.0.tgz",
      "integrity": "sha512-qpCAvRl9stuOHveKsn7HncJRvv501qIacKzQlO/+Lwxc9+0q2wLyv4Dfvt80/DPn2pqOBsJdDiogXGR9+OvwRw==",
      "license": "MIT",
      "dependencies": {
        "has-flag": "^4.0.0"
      },
      "engines": {
        "node": ">=8"
      }
    },
    "node_modules/symbol-observable": {
      "version": "1.0.1",
      "resolved": "http://nexus.xiqu.servicetest.lenovo/repository/npm-group/symbol-observable/-/symbol-observable-1.0.1.tgz",
      "integrity": "sha512-Kb3PrPYz4HanVF1LVGuAdW6LoVgIwjUYJGzFe7NDrBLCN4lsV/5J0MFurV+ygS4bRVwrCEt2c7MQ1R2a72oJDw==",
      "license": "MIT",
      "engines": {
        "node": ">=0.10.0"
      }
    },
    "node_modules/through": {
      "version": "2.3.8",
      "resolved": "http://nexus.xiqu.servicetest.lenovo/repository/npm-group/through/-/through-2.3.8.tgz",
      "integrity": "sha512-w89qg7PI8wAdvX60bMDP+bFoD5Dvhm9oLheFp5O4a2QF0cSBGsBX4qZmadPMvVqlLJBBci+WqGGOAPvcDeNSVg==",
      "license": "MIT"
    },
    "node_modules/tmp": {
      "version": "0.0.33",
      "resolved": "http://nexus.xiqu.servicetest.lenovo/repository/npm-group/tmp/-/tmp-0.0.33.tgz",
      "integrity": "sha512-jRCJlojKnZ3addtTOjdIqoRuPEKBvNXcGYqzO6zWZX8KfKEpnGY5jfggJQ3EjKuu8D4bJRr0y+cYJFmYbImXGw==",
      "license": "MIT",
      "dependencies": {
        "os-tmpdir": "~1.0.2"
      },
      "engines": {
        "node": ">=0.6.0"
      }
    }
  },
  "dependencies": {
    "ansi-escapes": {
      "version": "3.2.0",
      "resolved": "http://nexus.xiqu.servicetest.lenovo/repository/npm-group/ansi-escapes/-/ansi-escapes-3.2.0.tgz",
      "integrity": "sha512-cBhpre4ma+U0T1oM5fXg7Dy1Jw7zzwv7lt/GoCpr+hDQJoYnKVPLL4dCvSEFMmQurOQvSrwT7SL/DAlhBI97RQ=="
    },
    "ansi-regex": {
      "version": "3.0.1",
      "resolved": "http://nexus.xiqu.servicetest.lenovo/repository/npm-group/ansi-regex/-/ansi-regex-3.0.1.tgz",
      "integrity": "sha512-+O9Jct8wf++lXxxFc4hc8LsjaSq0HFzzL7cVsw8pRDIPdjKD2mT4ytDZlLuSBZ4cLKZFXIrMGO7DbQCtMJJMKw=="
    },
    "ansi-styles": {
      "version": "4.3.0",
      "resolved": "http://nexus.xiqu.servicetest.lenovo/repository/npm-group/ansi-styles/-/ansi-styles-4.3.0.tgz",
      "integrity": "sha512-zbB9rCJAT1rbjiVDb2hqKFHNYLxgtk8NURxZ3IZwD3F6NtxbXZQCnnSi1Lkx+IDohdPlFp222wVALIheZJQSEg==",
      "requires": {
        "color-convert": "^2.0.1"
      }
    },
    "camelcase": {
      "version": "5.3.1",
      "resolved": "http://nexus.xiqu.servicetest.lenovo/repository/npm-group/camelcase/-/camelcase-5.3.1.tgz",
      "integrity": "sha512-L28STB170nwWS63UjtlEOE3dldQApaJXZkOI1uMFfzf3rRuPegHaHesyee+YxQ+W6SvRDQV6UrdOdRiR153wJg=="
    },
    "chalk": {
      "version": "4.1.2",
      "resolved": "http://nexus.xiqu.servicetest.lenovo/repository/npm-group/chalk/-/chalk-4.1.2.tgz",
      "integrity": "sha512-oKnbhFyRIXpUuez8iBMmyEa4nbj4IOQyuhc/wy9kY7/WVPcwIO9VA668Pu8RkO7+0G76SLROeyw9CpQ061i4mA==",
      "requires": {
        "ansi-styles": "^4.1.0",
        "supports-color": "^7.1.0"
      }
    },
    "chardet": {
      "version": "0.4.2",
      "resolved": "http://nexus.xiqu.servicetest.lenovo/repository/npm-group/chardet/-/chardet-0.4.2.tgz",
      "integrity": "sha512-j/Toj7f1z98Hh2cYo2BVr85EpIRWqUi7rtRSGxh/cqUjqrnJe9l9UE7IUGd2vQ2p+kSHLkSzObQPZPLUC6TQwg=="
    },
    "cli-cursor": {
      "version": "2.1.0",
      "resolved": "http://nexus.xiqu.servicetest.lenovo/repository/npm-group/cli-cursor/-/cli-cursor-2.1.0.tgz",
      "integrity": "sha512-8lgKz8LmCRYZZQDpRyT2m5rKJ08TnU4tR9FFFW2rxpxR1FzWi4PQ/NfyODchAatHaUgnSPVcx/R5w6NuTBzFiw==",
      "requires": {
        "restore-cursor": "^2.0.0"
      }
    },
    "cli-width": {
      "version": "2.2.1",
      "resolved": "http://nexus.xiqu.servicetest.lenovo/repository/npm-group/cli-width/-/cli-width-2.2.1.tgz",
      "integrity": "sha512-GRMWDxpOB6Dgk2E5Uo+3eEBvtOOlimMmpbFiKuLFnQzYDavtLFY3K5ona41jgN/WdRZtG7utuVSVTL4HbZHGkw=="
    },
    "color-convert": {
      "version": "2.0.1",
      "resolved": "http://nexus.xiqu.servicetest.lenovo/repository/npm-group/color-convert/-/color-convert-2.0.1.tgz",
      "integrity": "sha512-RRECPsj7iu/xb5oKYcsFHSppFNnsj/52OVTRKb4zP5onXwVF3zVmmToNcOfGC+CRDpfK/U584fMg38ZHCaElKQ==",
      "requires": {
        "color-name": "~1.1.4"
      }
    },
    "color-name": {
      "version": "1.1.4",
      "resolved": "http://nexus.xiqu.servicetest.lenovo/repository/npm-group/color-name/-/color-name-1.1.4.tgz",
      "integrity": "sha512-dOy+3AuW3a2wNbZHIuMZpTcgjGuLU/uBL/ubcZF9OXbDo8ff4O8yVp5Bf0efS8uEoYo5q4Fx7dY9OgQGXgAsQA=="
    },
    "commander": {
      "version": "9.4.1",
      "resolved": "http://nexus.xiqu.servicetest.lenovo/repository/npm-group/commander/-/commander-9.4.1.tgz",
      "integrity": "sha512-5EEkTNyHNGFPD2H+c/dXXfQZYa/scCKasxWcXJaWnNJ99pnQN9Vnmqow+p+PlFPE63Q6mThaZws1T+HxfpgtPw=="
    },
    "escape-string-regexp": {
      "version": "1.0.5",
      "resolved": "http://nexus.xiqu.servicetest.lenovo/repository/npm-group/escape-string-regexp/-/escape-string-regexp-1.0.5.tgz",
      "integrity": "sha512-vbRorB5FUQWvla16U8R/qgaFIya2qGzwDrNmCZuYKrbdSUMG6I1ZCGQRefkRVhuOkIGVne7BQ35DSfo1qvJqFg=="
    },
    "external-editor": {
      "version": "2.2.0",
      "resolved": "http://nexus.xiqu.servicetest.lenovo/repository/npm-group/external-editor/-/external-editor-2.2.0.tgz",
      "integrity": "sha512-bSn6gvGxKt+b7+6TKEv1ZycHleA7aHhRHyAqJyp5pbUFuYYNIzpZnQDk7AsYckyWdEnTeAnay0aCy2aV6iTk9A==",
      "requires": {
        "chardet": "^0.4.0",
        "iconv-lite": "^0.4.17",
        "tmp": "^0.0.33"
      }
    },
    "figures": {
      "version": "2.0.0",
      "resolved": "http://nexus.xiqu.servicetest.lenovo/repository/npm-group/figures/-/figures-2.0.0.tgz",
      "integrity": "sha512-Oa2M9atig69ZkfwiApY8F2Yy+tzMbazyvqv21R0NsSC8floSOC09BbT1ITWAdoMGQvJ/aZnR1KMwdx9tvHnTNA==",
      "requires": {
        "escape-string-regexp": "^1.0.5"
      }
    },
    "has-flag": {
      "version": "4.0.0",
      "resolved": "http://nexus.xiqu.servicetest.lenovo/repository/npm-group/has-flag/-/has-flag-4.0.0.tgz",
      "integrity": "sha512-EykJT/Q1KjTWctppgIAgfSO0tKVuZUjhgMr17kqTumMl6Afv3EISleU7qZUzoXDFTAHTDC4NOoG/ZxU3EvlMPQ=="
    },
    "iconv-lite": {
      "version": "0.4.24",
      "resolved": "http://nexus.xiqu.servicetest.lenovo/repository/npm-group/iconv-lite/-/iconv-lite-0.4.24.tgz",
      "integrity": "sha512-v3MXnZAcvnywkTUEZomIActle7RXXeedOR31wwl7VlyoXO4Qi9arvSenNQWne1TcRwhCL1HwLI21bEqdpj8/rA==",
      "requires": {
        "safer-buffer": ">= 2.1.2 < 3"
      }
    },
    "inquirer": {
      "version": "5.0.0",
      "resolved": "http://nexus.xiqu.servicetest.lenovo/repository/npm-group/inquirer/-/inquirer-5.0.0.tgz",
      "integrity": "sha512-p/UAvVLKRI9fLukkVeeSnP05Ilz76+7najkJptTKOMJApaqJhdwxLGlIymYvn0a1WFqrEG8MqfzKfVMvArwdIQ==",
      "requires": {
        "ansi-escapes": "^3.0.0",
        "chalk": "^2.0.0",
        "cli-cursor": "^2.1.0",
        "cli-width": "^2.0.0",
        "external-editor": "^2.1.0",
        "figures": "^2.0.0",
        "lodash": "^4.3.0",
        "mute-stream": "0.0.7",
        "run-async": "^2.2.0",
        "rxjs": "^5.5.2",
        "string-width": "^2.1.0",
        "strip-ansi": "^4.0.0",
        "through": "^2.3.6"
      },
      "dependencies": {
        "ansi-styles": {
          "version": "3.2.1",
          "resolved": "http://nexus.xiqu.servicetest.lenovo/repository/npm-group/ansi-styles/-/ansi-styles-3.2.1.tgz",
          "integrity": "sha512-VT0ZI6kZRdTh8YyJw3SMbYm/u+NqfsAxEpWO0Pf9sq8/e94WxxOpPKx9FR1FlyCtOVDNOQ+8ntlqFxiRc+r5qA==",
          "requires": {
            "color-convert": "^1.9.0"
          }
        },
        "chalk": {
          "version": "2.4.2",
          "resolved": "http://nexus.xiqu.servicetest.lenovo/repository/npm-group/chalk/-/chalk-2.4.2.tgz",
          "integrity": "sha512-Mti+f9lpJNcwF4tWV8/OrTTtF1gZi+f8FqlyAdouralcFWFQWF2+NgCHShjkCb+IFBLq9buZwE1xckQU4peSuQ==",
          "requires": {
            "ansi-styles": "^3.2.1",
            "escape-string-regexp": "^1.0.5",
            "supports-color": "^5.3.0"
          }
        },
        "color-convert": {
          "version": "1.9.3",
          "resolved": "http://nexus.xiqu.servicetest.lenovo/repository/npm-group/color-convert/-/color-convert-1.9.3.tgz",
          "integrity": "sha512-QfAUtd+vFdAtFQcC8CCyYt1fYWxSqAiK2cSD6zDB8N3cpsEBAvRxp9zOGg6G/SHHJYAT88/az/IuDGALsNVbGg==",
          "requires": {
            "color-name": "1.1.3"
          }
        },
        "color-name": {
          "version": "1.1.3",
          "resolved": "http://nexus.xiqu.servicetest.lenovo/repository/npm-group/color-name/-/color-name-1.1.3.tgz",
          "integrity": "sha512-72fSenhMw2HZMTVHeCA9KCmpEIbzWiQsjN+BHcBbS9vr1mtt+vJjPdksIBNUmKAW8TFUDPJK5SUU3QhE9NEXDw=="
        },
        "has-flag": {
          "version": "3.0.0",
          "resolved": "http://nexus.xiqu.servicetest.lenovo/repository/npm-group/has-flag/-/has-flag-3.0.0.tgz",
          "integrity": "sha512-sKJf1+ceQBr4SMkvQnBDNDtf4TXpVhVGateu0t918bl30FnbE2m4vNLX+VWe/dpjlb+HugGYzW7uQXH98HPEYw=="
        },
        "supports-color": {
          "version": "5.5.0",
          "resolved": "http://nexus.xiqu.servicetest.lenovo/repository/npm-group/supports-color/-/supports-color-5.5.0.tgz",
          "integrity": "sha512-QjVjwdXIt408MIiAqCX4oUKsgU2EqAGzs2Ppkm4aQYbjm+ZEWEcW4SfFNTr4uMNZma0ey4f5lgLrkB0aX0QMow==",
          "requires": {
            "has-flag": "^3.0.0"
          }
        }
      }
    },
    "is-fullwidth-code-point": {
      "version": "2.0.0",
      "resolved": "http://nexus.xiqu.servicetest.lenovo/repository/npm-group/is-fullwidth-code-point/-/is-fullwidth-code-point-2.0.0.tgz",
      "integrity": "sha512-VHskAKYM8RfSFXwee5t5cbN5PZeq1Wrh6qd5bkyiXIf6UQcN6w/A0eXM9r6t8d+GYOh+o6ZhiEnb88LN/Y8m2w=="
    },
    "lodash": {
      "version": "4.17.21",
      "resolved": "http://nexus.xiqu.servicetest.lenovo/repository/npm-group/lodash/-/lodash-4.17.21.tgz",
      "integrity": "sha512-v2kDEe57lecTulaDIuNTPy3Ry4gLGJ6Z1O3vE1krgXZNrsQ+LFTGHVxVjcXPs17LhbZVGedAJv8XZ1tvj5FvSg=="
    },
    "mimic-fn": {
      "version": "1.2.0",
      "resolved": "http://nexus.xiqu.servicetest.lenovo/repository/npm-group/mimic-fn/-/mimic-fn-1.2.0.tgz",
      "integrity": "sha512-jf84uxzwiuiIVKiOLpfYk7N46TSy8ubTonmneY9vrpHNAnp0QBt2BxWV9dO3/j+BoVAb+a5G6YDPW3M5HOdMWQ=="
    },
    "mute-stream": {
      "version": "0.0.7",
      "resolved": "http://nexus.xiqu.servicetest.lenovo/repository/npm-group/mute-stream/-/mute-stream-0.0.7.tgz",
      "integrity": "sha512-r65nCZhrbXXb6dXOACihYApHw2Q6pV0M3V0PSxd74N0+D8nzAdEAITq2oAjA1jVnKI+tGvEBUpqiMh0+rW6zDQ=="
    },
    "onetime": {
      "version": "2.0.1",
      "resolved": "http://nexus.xiqu.servicetest.lenovo/repository/npm-group/onetime/-/onetime-2.0.1.tgz",
      "integrity": "sha512-oyyPpiMaKARvvcgip+JV+7zci5L8D1W9RZIz2l1o08AM3pfspitVWnPt3mzHcBPp12oYMTy0pqrFs/C+m3EwsQ==",
      "requires": {
        "mimic-fn": "^1.0.0"
      }
    },
    "os-tmpdir": {
      "version": "1.0.2",
      "resolved": "http://nexus.xiqu.servicetest.lenovo/repository/npm-group/os-tmpdir/-/os-tmpdir-1.0.2.tgz",
      "integrity": "sha512-D2FR03Vir7FIu45XBY20mTb+/ZSWB00sjU9jdQXt83gDrI4Ztz5Fs7/yy74g2N5SVQY4xY1qDr4rNddwYRVX0g=="
    },
    "restore-cursor": {
      "version": "2.0.0",
      "resolved": "http://nexus.xiqu.servicetest.lenovo/repository/npm-group/restore-cursor/-/restore-cursor-2.0.0.tgz",
      "integrity": "sha512-6IzJLuGi4+R14vwagDHX+JrXmPVtPpn4mffDJ1UdR7/Edm87fl6yi8mMBIVvFtJaNTUvjughmW4hwLhRG7gC1Q==",
      "requires": {
        "onetime": "^2.0.0",
        "signal-exit": "^3.0.2"
      }
    },
    "run-async": {
      "version": "2.4.1",
      "resolved": "http://nexus.xiqu.servicetest.lenovo/repository/npm-group/run-async/-/run-async-2.4.1.tgz",
      "integrity": "sha512-tvVnVv01b8c1RrA6Ep7JkStj85Guv/YrMcwqYQnwjsAS2cTmmPGBBjAjpCW7RrSodNSoE2/qg9O4bceNvUuDgQ=="
    },
    "rxjs": {
      "version": "5.5.12",
      "resolved": "http://nexus.xiqu.servicetest.lenovo/repository/npm-group/rxjs/-/rxjs-5.5.12.tgz",
      "integrity": "sha512-xx2itnL5sBbqeeiVgNPVuQQ1nC8Jp2WfNJhXWHmElW9YmrpS9UVnNzhP3EH3HFqexO5Tlp8GhYY+WEcqcVMvGw==",
      "requires": {
        "symbol-observable": "1.0.1"
      }
    },
    "safer-buffer": {
      "version": "2.1.2",
      "resolved": "http://nexus.xiqu.servicetest.lenovo/repository/npm-group/safer-buffer/-/safer-buffer-2.1.2.tgz",
      "integrity": "sha512-YZo3K82SD7Riyi0E1EQPojLz7kpepnSQI9IyPbHHg1XXXevb5dJI7tpyN2ADxGcQbHG7vcyRHk0cbwqcQriUtg=="
    },
    "signal-exit": {
      "version": "3.0.7",
      "resolved": "http://nexus.xiqu.servicetest.lenovo/repository/npm-group/signal-exit/-/signal-exit-3.0.7.tgz",
      "integrity": "sha512-wnD2ZE+l+SPC/uoS0vXeE9L1+0wuaMqKlfz9AMUo38JsyLSBWSFcHR1Rri62LZc12vLr1gb3jl7iwQhgwpAbGQ=="
    },
    "string-width": {
      "version": "2.1.1",
      "resolved": "http://nexus.xiqu.servicetest.lenovo/repository/npm-group/string-width/-/string-width-2.1.1.tgz",
      "integrity": "sha512-nOqH59deCq9SRHlxq1Aw85Jnt4w6KvLKqWVik6oA9ZklXLNIOlqg4F2yrT1MVaTjAqvVwdfeZ7w7aCvJD7ugkw==",
      "requires": {
        "is-fullwidth-code-point": "^2.0.0",
        "strip-ansi": "^4.0.0"
      }
    },
    "strip-ansi": {
      "version": "4.0.0",
      "resolved": "http://nexus.xiqu.servicetest.lenovo/repository/npm-group/strip-ansi/-/strip-ansi-4.0.0.tgz",
      "integrity": "sha512-4XaJ2zQdCzROZDivEVIDPkcQn8LMFSa8kj8Gxb/Lnwzv9A8VctNZ+lfivC/sV3ivW8ElJTERXZoPBRrZKkNKow==",
      "requires": {
        "ansi-regex": "^3.0.0"
      }
    },
    "supports-color": {
      "version": "7.2.0",
      "resolved": "http://nexus.xiqu.servicetest.lenovo/repository/npm-group/supports-color/-/supports-color-7.2.0.tgz",
      "integrity": "sha512-qpCAvRl9stuOHveKsn7HncJRvv501qIacKzQlO/+Lwxc9+0q2wLyv4Dfvt80/DPn2pqOBsJdDiogXGR9+OvwRw==",
      "requires": {
        "has-flag": "^4.0.0"
      }
    },
    "symbol-observable": {
      "version": "1.0.1",
      "resolved": "http://nexus.xiqu.servicetest.lenovo/repository/npm-group/symbol-observable/-/symbol-observable-1.0.1.tgz",
      "integrity": "sha512-Kb3PrPYz4HanVF1LVGuAdW6LoVgIwjUYJGzFe7NDrBLCN4lsV/5J0MFurV+ygS4bRVwrCEt2c7MQ1R2a72oJDw=="
    },
    "through": {
      "version": "2.3.8",
      "resolved": "http://nexus.xiqu.servicetest.lenovo/repository/npm-group/through/-/through-2.3.8.tgz",
      "integrity": "sha512-w89qg7PI8wAdvX60bMDP+bFoD5Dvhm9oLheFp5O4a2QF0cSBGsBX4qZmadPMvVqlLJBBci+WqGGOAPvcDeNSVg=="
    },
    "tmp": {
      "version": "0.0.33",
      "resolved": "http://nexus.xiqu.servicetest.lenovo/repository/npm-group/tmp/-/tmp-0.0.33.tgz",
      "integrity": "sha512-jRCJlojKnZ3addtTOjdIqoRuPEKBvNXcGYqzO6zWZX8KfKEpnGY5jfggJQ3EjKuu8D4bJRr0y+cYJFmYbImXGw==",
      "requires": {
        "os-tmpdir": "~1.0.2"
      }
    }
  }
}
